{
  "nodes": {
    "generalLib": {
      "inputs": {
        "nixpkgs": "nixpkgs"
      },
      "locked": {
        "dir": "lib/general",
        "lastModified": 1780593913,
        "narHash": "sha256-Rw7VbwtVYJu3qOCwdBZ4lIfxt2WeBc0R1sgF1nNT/co=",
        "ref": "refs/heads/main",
        "rev": "611da48a120b2eba6ad5b2700e9322c216ba23c3",
        "revCount": 17,
        "type": "git",
        "url": "https://gitea.lightjack.de/LightJack05/nix-library"
      },
      "original": {
        "dir": "lib/general",
        "type": "git",
        "url": "https://gitea.lightjack.de/LightJack05/nix-library"
      }
    },
    "go-license-collector": {
      "inputs": {
        "nixpkgs": "nixpkgs_2"
      },
      "locked": {
        "lastModified": 1766588125,
        "narHash": "sha256-oRyCWUM4ialvjZ/GxgKDs6h5F8ivmGk/ECPexRat/NA=",
        "owner": "LightJack05",
        "repo": "go-license-collector",
        "rev": "e119aecb9697350b03493b434084666ad931b8a1",
        "type": "github"
      },
      "original": {
        "owner": "LightJack05",
        "repo": "go-license-collector",
        "type": "github"
      }
    },
    "goLicenseCollectorLib": {
      "inputs": {
        "go-license-collector": "go-license-collector",
        "nixpkgs": "nixpkgs_3"
      },
      "locked": {
        "dir": "lib/go-license-collector",
        "lastModified": 1780593913,
        "narHash": "sha256-Rw7VbwtVYJu3qOCwdBZ4lIfxt2WeBc0R1sgF1nNT/co=",
        "ref": "refs/heads/main",
        "rev": "611da48a120b2eba6ad5b2700e9322c216ba23c3",
        "revCount": 17,
        "type": "git",
        "url": "https://gitea.lightjack.de/LightJack05/nix-library"
      },
      "original": {
        "dir": "lib/go-license-collector",
        "type": "git",
        "url": "https://gitea.lightjack.de/LightJack05/nix-library"
      }
    },
    "kindLib": {
      "inputs": {
        "nixpkgs": "nixpkgs_4"
      },
      "locked": {
        "dir": "lib/kind",
        "lastModified": 1780593913,
        "narHash": "sha256-Rw7VbwtVYJu3qOCwdBZ4lIfxt2WeBc0R1sgF1nNT/co=",
        "ref": "refs/heads/main",
        "rev": "611da48a120b2eba6ad5b2700e9322c216ba23c3",
        "revCount": 17,
        "type": "git",
        "url": "https://gitea.lightjack.de/LightJack05/nix-library"
      },
      "original": {
        "dir": "lib/kind",
        "type": "git",
        "url": "https://gitea.lightjack.de/LightJack05/nix-library"
      }
    },
    "kubebuilderShell": {
      "inputs": {
        "nixpkgs": "nixpkgs_5"
      },
      "locked": {
        "dir": "shells/kubebuilder",
        "lastModified": 1780593913,
        "narHash": "sha256-Rw7VbwtVYJu3qOCwdBZ4lIfxt2WeBc0R1sgF1nNT/co=",
        "ref": "refs/heads/main",
        "rev": "611da48a120b2eba6ad5b2700e9322c216ba23c3",
        "revCount": 17,
        "type": "git",
        "url": "https://gitea.lightjack.de/LightJack05/nix-library"
      },
      "original": {
        "dir": "shells/kubebuilder",
        "type": "git",
        "url": "https://gitea.lightjack.de/LightJack05/nix-library"
      }
    },
    "nixpkgs": {
      "locked": {
        "lastModified": 1782175435,
        "narHash": "sha256-EMzXKmnOtBQ2MnvpiNOm7E+kOMvdPrIKaeg52Tip2Uk=",
        "owner": "NixOS",
        "repo": "nixpkgs",
        "rev": "89570f24e97e614aa34aa9ab1c927b6578a43775",
        "type": "github"
      },
      "original": {
        "owner": "NixOS",
        "ref": "nixpkgs-unstable",
        "repo": "nixpkgs",
        "type": "github"
      }
    },
    "nixpkgs_2": {
      "locked": {
        "lastModified": 1782461730,
        "narHash": "sha256-5CHXMtQUdwL5P9YIRxo15wvxYBpCazPMe9mgHVl9Tys=",
        "owner": "NixOS",
        "repo": "nixpkgs",
        "rev": "8caf1890bbf6e0d44da398c97d4ad34a8d5f80bb",
        "type": "github"
      },
      "original": {
        "owner": "NixOS",
        "repo": "nixpkgs",
        "type": "github"
      }
    },
    "nixpkgs_3": {
      "locked": {
        "lastModified": 1782175435,
        "narHash": "sha256-EMzXKmnOtBQ2MnvpiNOm7E+kOMvdPrIKaeg52Tip2Uk=",
        "owner": "NixOS",
        "repo": "nixpkgs",
        "rev": "89570f24e97e614aa34aa9ab1c927b6578a43775",
        "type": "github"
      },
      "original": {
        "owner": "NixOS",
        "ref": "nixpkgs-unstable",
        "repo": "nixpkgs",
        "type": "github"
      }
    },
    "nixpkgs_4": {
      "locked": {
        "lastModified": 1782175435,
        "narHash": "sha256-EMzXKmnOtBQ2MnvpiNOm7E+kOMvdPrIKaeg52Tip2Uk=",
        "owner": "NixOS",
        "repo": "nixpkgs",
        "rev": "89570f24e97e614aa34aa9ab1c927b6578a43775",
        "type": "github"
      },
      "original": {
        "owner": "NixOS",
        "ref": "nixpkgs-unstable",
        "repo": "nixpkgs",
        "type": "github"
      }
    },
    "nixpkgs_5": {
      "locked": {
        "lastModified": 1782175435,
        "narHash": "sha256-EMzXKmnOtBQ2MnvpiNOm7E+kOMvdPrIKaeg52Tip2Uk=",
        "owner": "NixOS",
        "repo": "nixpkgs",
        "rev": "89570f24e97e614aa34aa9ab1c927b6578a43775",
        "type": "github"
      },
      "original": {
        "owner": "NixOS",
        "ref": "nixpkgs-unstable",
        "repo": "nixpkgs",
        "type": "github"
      }
    },
    "nixpkgs_6": {
      "locked": {
        "lastModified": 1782175435,
        "narHash": "sha256-EMzXKmnOtBQ2MnvpiNOm7E+kOMvdPrIKaeg52Tip2Uk=",
        "owner": "NixOS",
        "repo": "nixpkgs",
        "rev": "89570f24e97e614aa34aa9ab1c927b6578a43775",
        "type": "github"
      },
      "original": {
        "owner": "NixOS",
        "ref": "nixpkgs-unstable",
        "repo": "nixpkgs",
        "type": "github"
      }
    },
    "nixpkgs_7": {
      "locked": {
        "lastModified": 1782175435,
        "narHash": "sha256-EMzXKmnOtBQ2MnvpiNOm7E+kOMvdPrIKaeg52Tip2Uk=",
        "owner": "NixOS",
        "repo": "nixpkgs",
        "rev": "89570f24e97e614aa34aa9ab1c927b6578a43775",
        "type": "github"
      },
      "original": {
        "owner": "NixOS",
        "ref": "nixpkgs-unstable",
        "repo": "nixpkgs",
        "type": "github"
      }
    },
    "podmanLib": {
      "inputs": {
        "nixpkgs": "nixpkgs_7"
      },
      "locked": {
        "dir": "lib/podman",
        "lastModified": 1780593913,
        "narHash": "sha256-Rw7VbwtVYJu3qOCwdBZ4lIfxt2WeBc0R1sgF1nNT/co=",
        "ref": "refs/heads/main",
        "rev": "611da48a120b2eba6ad5b2700e9322c216ba23c3",
        "revCount": 17,
        "type": "git",
        "url": "https://gitea.lightjack.de/LightJack05/nix-library"
      },
      "original": {
        "dir": "lib/podman",
        "type": "git",
        "url": "https://gitea.lightjack.de/LightJack05/nix-library"
      }
    },
    "root": {
      "inputs": {
        "generalLib": "generalLib",
        "goLicenseCollectorLib": "goLicenseCollectorLib",
        "kindLib": "kindLib",
        "kubebuilderShell": "kubebuilderShell",
        "nixpkgs": "nixpkgs_6",
        "podmanLib": "podmanLib"
      }
    }
  },
  "root": "root",
  "version": 7
}
