{
  "nodes": {
    "generalLib": {
      "inputs": {
        "nixpkgs": "nixpkgs"
      },
      "locked": {
        "dir": "lib/general",
        "lastModified": 1779537847,
        "narHash": "sha256-GxBhCPJAifkpwAymmDHrOpOw5t5d33BOj3CDkjqnC9s=",
        "ref": "refs/heads/main",
        "rev": "cd67b7531fc172604be224503be06bca42784abf",
        "revCount": 14,
        "type": "git",
        "url": "https://gitea.lightjack.de/LightJack05/nix-library"
      },
      "original": {
        "dir": "lib/general",
        "type": "git",
        "url": "https://gitea.lightjack.de/LightJack05/nix-library"
      }
    },
    "kindLib": {
      "inputs": {
        "nixpkgs": "nixpkgs_2"
      },
      "locked": {
        "dir": "lib/kind",
        "lastModified": 1779537847,
        "narHash": "sha256-GxBhCPJAifkpwAymmDHrOpOw5t5d33BOj3CDkjqnC9s=",
        "ref": "refs/heads/main",
        "rev": "cd67b7531fc172604be224503be06bca42784abf",
        "revCount": 14,
        "type": "git",
        "url": "https://gitea.lightjack.de/LightJack05/nix-library"
      },
      "original": {
        "dir": "lib/kind",
        "type": "git",
        "url": "https://gitea.lightjack.de/LightJack05/nix-library"
      }
    },
    "kubebuilderShell": {
      "inputs": {
        "nixpkgs": "nixpkgs_4"
      },
      "locked": {
        "dir": "shells/kubebuilder",
        "lastModified": 1779537847,
        "narHash": "sha256-GxBhCPJAifkpwAymmDHrOpOw5t5d33BOj3CDkjqnC9s=",
        "ref": "refs/heads/main",
        "rev": "cd67b7531fc172604be224503be06bca42784abf",
        "revCount": 14,
        "type": "git",
        "url": "https://gitea.lightjack.de/LightJack05/nix-library"
      },
      "original": {
        "dir": "shells/kubebuilder",
        "type": "git",
        "url": "https://gitea.lightjack.de/LightJack05/nix-library"
      }
    },
    "nixpkgs": {
      "locked": {
        "lastModified": 1779694939,
        "narHash": "sha256-Ly4j75O8ICaSQx3uxPnwk2x7PMF0XQvn5r0c3yBA7FI=",
        "owner": "NixOS",
        "repo": "nixpkgs",
        "rev": "f9d8b65950353691ab56561e7c73d2e1063d810b",
        "type": "github"
      },
      "original": {
        "owner": "NixOS",
        "ref": "nixpkgs-unstable",
        "repo": "nixpkgs",
        "type": "github"
      }
    },
    "nixpkgs_2": {
      "locked": {
        "lastModified": 1779694939,
        "narHash": "sha256-Ly4j75O8ICaSQx3uxPnwk2x7PMF0XQvn5r0c3yBA7FI=",
        "owner": "NixOS",
        "repo": "nixpkgs",
        "rev": "f9d8b65950353691ab56561e7c73d2e1063d810b",
        "type": "github"
      },
      "original": {
        "owner": "NixOS",
        "ref": "nixpkgs-unstable",
        "repo": "nixpkgs",
        "type": "github"
      }
    },
    "nixpkgs_3": {
      "locked": {
        "lastModified": 1779694939,
        "narHash": "sha256-Ly4j75O8ICaSQx3uxPnwk2x7PMF0XQvn5r0c3yBA7FI=",
        "owner": "NixOS",
        "repo": "nixpkgs",
        "rev": "f9d8b65950353691ab56561e7c73d2e1063d810b",
        "type": "github"
      },
      "original": {
        "owner": "NixOS",
        "ref": "nixpkgs-unstable",
        "repo": "nixpkgs",
        "type": "github"
      }
    },
    "nixpkgs_4": {
      "locked": {
        "lastModified": 1779694939,
        "narHash": "sha256-Ly4j75O8ICaSQx3uxPnwk2x7PMF0XQvn5r0c3yBA7FI=",
        "owner": "NixOS",
        "repo": "nixpkgs",
        "rev": "f9d8b65950353691ab56561e7c73d2e1063d810b",
        "type": "github"
      },
      "original": {
        "owner": "NixOS",
        "ref": "nixpkgs-unstable",
        "repo": "nixpkgs",
        "type": "github"
      }
    },
    "nixpkgs_5": {
      "locked": {
        "lastModified": 1779694939,
        "narHash": "sha256-Ly4j75O8ICaSQx3uxPnwk2x7PMF0XQvn5r0c3yBA7FI=",
        "owner": "NixOS",
        "repo": "nixpkgs",
        "rev": "f9d8b65950353691ab56561e7c73d2e1063d810b",
        "type": "github"
      },
      "original": {
        "owner": "NixOS",
        "ref": "nixpkgs-unstable",
        "repo": "nixpkgs",
        "type": "github"
      }
    },
    "nixpkgs_6": {
      "locked": {
        "lastModified": 1779694939,
        "narHash": "sha256-Ly4j75O8ICaSQx3uxPnwk2x7PMF0XQvn5r0c3yBA7FI=",
        "owner": "NixOS",
        "repo": "nixpkgs",
        "rev": "f9d8b65950353691ab56561e7c73d2e1063d810b",
        "type": "github"
      },
      "original": {
        "owner": "NixOS",
        "ref": "nixpkgs-unstable",
        "repo": "nixpkgs",
        "type": "github"
      }
    },
    "operatorSdkShell": {
      "inputs": {
        "kubebuilderShell": "kubebuilderShell",
        "nixpkgs": "nixpkgs_5"
      },
      "locked": {
        "dir": "shells/operator-sdk",
        "lastModified": 1779537847,
        "narHash": "sha256-GxBhCPJAifkpwAymmDHrOpOw5t5d33BOj3CDkjqnC9s=",
        "ref": "refs/heads/main",
        "rev": "cd67b7531fc172604be224503be06bca42784abf",
        "revCount": 14,
        "type": "git",
        "url": "https://gitea.lightjack.de/LightJack05/nix-library"
      },
      "original": {
        "dir": "shells/operator-sdk",
        "type": "git",
        "url": "https://gitea.lightjack.de/LightJack05/nix-library"
      }
    },
    "podmanLib": {
      "inputs": {
        "nixpkgs": "nixpkgs_6"
      },
      "locked": {
        "dir": "lib/podman",
        "lastModified": 1779537847,
        "narHash": "sha256-GxBhCPJAifkpwAymmDHrOpOw5t5d33BOj3CDkjqnC9s=",
        "ref": "refs/heads/main",
        "rev": "cd67b7531fc172604be224503be06bca42784abf",
        "revCount": 14,
        "type": "git",
        "url": "https://gitea.lightjack.de/LightJack05/nix-library"
      },
      "original": {
        "dir": "lib/podman",
        "type": "git",
        "url": "https://gitea.lightjack.de/LightJack05/nix-library"
      }
    },
    "root": {
      "inputs": {
        "generalLib": "generalLib",
        "kindLib": "kindLib",
        "nixpkgs": "nixpkgs_3",
        "operatorSdkShell": "operatorSdkShell",
        "podmanLib": "podmanLib"
      }
    }
  },
  "root": "root",
  "version": 7
}
